
Microsoft Visual Studio Solution File, Format Version 12.00
# Visual Studio Version 16
VisualStudioVersion = 16.0.28606.126
MinimumVisualStudioVersion = 10.0.40219.1
Project("{9A19103F-16F7-4668-BE54-9A1E7A4F7556}") = "BlazorGraphExample", "BlazorGraphExample\BlazorGraphExample.csproj", "{D5AEC440-6134-4869-A3FC-023474B2BA54}"
EndProject
Global
	GlobalSection(SolutionConfigurationPlatforms) = preSolution
		Debug|Any CPU = Debug|Any CPU
		Release|Any CPU = Release|Any CPU
	EndGlobalSection
	GlobalSection(ProjectConfigurationPlatforms) = postSolution
		{D5AEC440-6134-4869-A3FC-023474B2BA54}.Debug|Any CPU.ActiveCfg = Debug|Any CPU
		{D5AEC440-6134-4869-A3FC-023474B2BA54}.Debug|Any CPU.Build.0 = Debug|Any CPU
		{D5AEC440-6134-4869-A3FC-023474B2BA54}.Release|Any CPU.ActiveCfg = Release|Any CPU
		{D5AEC440-6134-4869-A3FC-023474B2BA54}.Release|Any CPU.Build.0 = Release|Any CPU
	EndGlobalSection
	GlobalSection(SolutionProperties) = preSolution
		HideSolutionNode = FALSE
	EndGlobalSection
	GlobalSection(ExtensibilityGlobals) = postSolution
		SolutionGuid = {0271F2D6-72E4-4F37-A871-3B5B2ECB6665}
	EndGlobalSection
EndGlobal
