{
  "name": "myproject",
  "version": "1.0.0",
  "lockfileVersion": 1,
  "requires": true,
  "dependencies": {
    "bulma": {
      "version": "0.7.4",
      "resolved": "https://registry.npmjs.org/bulma/-/bulma-0.7.4.tgz",
      "integrity": "sha512-krG2rP6eAX1WE0sf6O0SC/FUVSOBX4m1PBC2+GKLpb2pX0qanaDqcv9U2nu75egFrsHkI0zdWYuk/oGwoszVWg==",
      "dev": true
    },
    "msal": {
      "version": "0.2.4",
      "resolved": "https://registry.npmjs.org/msal/-/msal-0.2.4.tgz",
      "integrity": "sha512-/DPtEBL8M4gwSjEYZy4ep+j1ZaawA9XEKJi4nPxmQLT85rLNZLARrxhIRwzwXtkPNewoB+zdoNKzETW8ZrTOFQ==",
      "dev": true,
      "requires": {
        "tslib": "1.7.1"
      }
    },
    "open-iconic": {
      "version": "1.1.1",
      "resolved": "https://registry.npmjs.org/open-iconic/-/open-iconic-1.1.1.tgz",
      "integrity": "sha1-nc/Ix808Yc20ojaxo0eJTJetwMY=",
      "dev": true
    },
    "tslib": {
      "version": "1.7.1",
      "resolved": "https://registry.npmjs.org/tslib/-/tslib-1.7.1.tgz",
      "integrity": "sha1-vIAEFkaRkjp5/oN4u+s9ogF1OOw=",
      "dev": true
    }
  }
}
