{
  "name": "myproject",
  "version": "1.0.0",
  "lockfileVersion": 1,
  "requires": true,
  "dependencies": {
    "bulma": {
      "version": "0.7.4",
      "resolved": "https://registry.npmjs.org/bulma/-/bulma-0.7.4.tgz",
      "integrity": "sha512-krG2rP6eAX1WE0sf6O0SC/FUVSOBX4m1PBC2+GKLpb2pX0qanaDqcv9U2nu75egFrsHkI0zdWYuk/oGwoszVWg==",
      "dev": true
    },
    "msal": {
      "version": "1.1.1",
      "resolved": "https://registry.npmjs.org/msal/-/msal-1.1.1.tgz",
      "integrity": "sha512-vPyMqFChZU3MDYrrbeKaI9xQe+LOdH2RhK2STi38vX5jVNefIiotNGbjrsyOqmrE8AWSTAP1mr8FZwEeJ6JIhg==",
      "dev": true,
      "requires": {
        "tslib": "^1.9.3",
        "uuid": "^3.3.2"
      }
    },
    "open-iconic": {
      "version": "1.1.1",
      "resolved": "https://registry.npmjs.org/open-iconic/-/open-iconic-1.1.1.tgz",
      "integrity": "sha1-nc/Ix808Yc20ojaxo0eJTJetwMY=",
      "dev": true
    },
    "tslib": {
      "version": "1.10.0",
      "resolved": "https://registry.npmjs.org/tslib/-/tslib-1.10.0.tgz",
      "integrity": "sha512-qOebF53frne81cf0S9B41ByenJ3/IuH8yJKngAX35CmiZySA0khhkovshKK+jGCaMnVomla7gVlIcc3EvKPbTQ==",
      "dev": true
    },
    "uuid": {
      "version": "3.3.2",
      "resolved": "https://registry.npmjs.org/uuid/-/uuid-3.3.2.tgz",
      "integrity": "sha512-yXJmeNaw3DnnKAOKJE51sL/ZaYfWJRl1pK9dr19YFCu0ObS231AB1/LbqTKRAQ5kw8A90rA6fr4riOUpTZvQZA==",
      "dev": true
    }
  }
}
